
Microsoft Visual Studio Solution File, Format Version 12.00
# Visual Studio Express 2013 for Web
VisualStudioVersion = 12.0.40629.0
MinimumVisualStudioVersion = 10.0.40219.1
Project("{FAE04EC0-301F-11D3-BF4B-00C04F79EFBC}") = "KnowledgeAccounting.Web", "KnowledgeAccounting.Web\KnowledgeAccounting.Web.csproj", "{B2AF6813-E51B-4507-B31B-849AFF33A32E}"
EndProject
Project("{FAE04EC0-301F-11D3-BF4B-00C04F79EFBC}") = "KnowledgeAccounting.Dal", "KnowledgeAccounting.Dal\KnowledgeAccounting.Dal.csproj", "{C3334F42-4316-4A6E-9ED2-40E9A5D78EF8}"
EndProject
Project("{FAE04EC0-301F-11D3-BF4B-00C04F79EFBC}") = "KnowledgeAccounting.Bll", "KnowledgeAccounting.Bll\KnowledgeAccounting.Bll.csproj", "{1DED1027-CAA4-4F88-9F67-DFAF2293F62B}"
EndProject
Global
	GlobalSection(SolutionConfigurationPlatforms) = preSolution
		Debug|Any CPU = Debug|Any CPU
		Release|Any CPU = Release|Any CPU
	EndGlobalSection
	GlobalSection(ProjectConfigurationPlatforms) = postSolution
		{B2AF6813-E51B-4507-B31B-849AFF33A32E}.Debug|Any CPU.ActiveCfg = Debug|Any CPU
		{B2AF6813-E51B-4507-B31B-849AFF33A32E}.Debug|Any CPU.Build.0 = Debug|Any CPU
		{B2AF6813-E51B-4507-B31B-849AFF33A32E}.Release|Any CPU.ActiveCfg = Release|Any CPU
		{B2AF6813-E51B-4507-B31B-849AFF33A32E}.Release|Any CPU.Build.0 = Release|Any CPU
		{C3334F42-4316-4A6E-9ED2-40E9A5D78EF8}.Debug|Any CPU.ActiveCfg = Debug|Any CPU
		{C3334F42-4316-4A6E-9ED2-40E9A5D78EF8}.Debug|Any CPU.Build.0 = Debug|Any CPU
		{C3334F42-4316-4A6E-9ED2-40E9A5D78EF8}.Release|Any CPU.ActiveCfg = Release|Any CPU
		{C3334F42-4316-4A6E-9ED2-40E9A5D78EF8}.Release|Any CPU.Build.0 = Release|Any CPU
		{1DED1027-CAA4-4F88-9F67-DFAF2293F62B}.Debug|Any CPU.ActiveCfg = Debug|Any CPU
		{1DED1027-CAA4-4F88-9F67-DFAF2293F62B}.Debug|Any CPU.Build.0 = Debug|Any CPU
		{1DED1027-CAA4-4F88-9F67-DFAF2293F62B}.Release|Any CPU.ActiveCfg = Release|Any CPU
		{1DED1027-CAA4-4F88-9F67-DFAF2293F62B}.Release|Any CPU.Build.0 = Release|Any CPU
	EndGlobalSection
	GlobalSection(SolutionProperties) = preSolution
		HideSolutionNode = FALSE
	EndGlobalSection
EndGlobal
